{
  "version": 4,
  "terraform_version": "1.15.8",
  "serial": 23,
  "lineage": "346e487c-e9ca-790d-bbd9-635c62c9966a",
  "outputs": {},
  "resources": [
    {
      "mode": "data",
      "type": "aws_iam_policy_document",
      "name": "terraform",
      "provider": "provider[\"registry.terraform.io/hashicorp/aws\"]",
      "instances": [
        {
          "schema_version": 0,
          "attributes": {
            "id": "4038792691",
            "json": "{\n  \"Version\": \"2012-10-17\",\n  \"Statement\": [\n    {\n      \"Sid\": \"Archives\",\n      \"Effect\": \"Allow\",\n      \"Action\": \"s3:*\",\n      \"Resource\": [\n        \"arn:aws:s3:::ben-drucker-photos/*\",\n        \"arn:aws:s3:::ben-drucker-photos\",\n        \"arn:aws:s3:::ben-drucker-documents/*\",\n        \"arn:aws:s3:::ben-drucker-documents\"\n      ]\n    },\n    {\n      \"Sid\": \"IdentityCenter\",\n      \"Effect\": \"Allow\",\n      \"Action\": [\n        \"sso:*\",\n        \"sso-directory:*\",\n        \"identitystore:*\"\n      ],\n      \"Resource\": \"*\"\n    },\n    {\n      \"Sid\": \"Organizations\",\n      \"Effect\": \"Allow\",\n      \"Action\": [\n        \"organizations:List*\",\n        \"organizations:Describe*\"\n      ],\n      \"Resource\": \"*\"\n    },\n    {\n      \"Sid\": \"OrganizationsAccounts\",\n      \"Effect\": \"Allow\",\n      \"Action\": [\n        \"organizations:TagResource\",\n        \"organizations:MoveAccount\",\n        \"organizations:CreateAccount\"\n      ],\n      \"Resource\": \"*\"\n    },\n    {\n      \"Sid\": \"MemberAccountAccess\",\n      \"Effect\": \"Allow\",\n      \"Action\": \"sts:AssumeRole\",\n      \"Resource\": \"arn:aws:iam::*:role/OrganizationAccountAccessRole\"\n    },\n    {\n      \"Sid\": \"IdentityCenterProvisionedRoles\",\n      \"Effect\": \"Allow\",\n      \"Action\": [\n        \"iam:UpdateRoleDescription\",\n        \"iam:UpdateRole\",\n        \"iam:PutRolePolicy\",\n        \"iam:ListRolePolicies\",\n        \"iam:ListAttachedRolePolicies\",\n        \"iam:GetRole\",\n        \"iam:DetachRolePolicy\",\n        \"iam:DeleteRolePolicy\",\n        \"iam:DeleteRole\",\n        \"iam:CreateRole\",\n        \"iam:AttachRolePolicy\"\n      ],\n      \"Resource\": \"arn:aws:iam::278105230435:role/aws-reserved/sso.amazonaws.com/*\"\n    },\n    {\n      \"Sid\": \"IdentityCenterSAMLProvider\",\n      \"Effect\": \"Allow\",\n      \"Action\": \"iam:GetSAMLProvider\",\n      \"Resource\": \"arn:aws:iam::278105230435:saml-provider/AWSSSO_*_DO_NOT_DELETE\"\n    },\n    {\n      \"Sid\": \"IdentityCenterListing\",\n      \"Effect\": \"Allow\",\n      \"Action\": [\n        \"iam:ListRoles\",\n        \"iam:ListPolicies\"\n      ],\n      \"Resource\": \"*\"\n    },\n    {\n      \"Sid\": \"ManagedRoles\",\n      \"Effect\": \"Allow\",\n      \"Action\": \"iam:*Role*\",\n      \"Resource\": \"arn:aws:iam::278105230435:role/managed/*\"\n    },\n    {\n      \"Sid\": \"DenySelfModification\",\n      \"Effect\": \"Deny\",\n      \"Action\": \"iam:*\",\n      \"Resource\": \"arn:aws:iam::278105230435:role/managed/terraform\"\n    },\n    {\n      \"Sid\": \"GitHubActionsProvider\",\n      \"Effect\": \"Allow\",\n      \"Action\": \"iam:*OpenIDConnectProvider*\",\n      \"Resource\": \"arn:aws:iam::278105230435:oidc-provider/token.actions.githubusercontent.com\"\n    }\n  ]\n}",
            "minified_json": "{\"Version\":\"2012-10-17\",\"Statement\":[{\"Sid\":\"Archives\",\"Effect\":\"Allow\",\"Action\":\"s3:*\",\"Resource\":[\"arn:aws:s3:::ben-drucker-photos/*\",\"arn:aws:s3:::ben-drucker-photos\",\"arn:aws:s3:::ben-drucker-documents/*\",\"arn:aws:s3:::ben-drucker-documents\"]},{\"Sid\":\"IdentityCenter\",\"Effect\":\"Allow\",\"Action\":[\"sso:*\",\"sso-directory:*\",\"identitystore:*\"],\"Resource\":\"*\"},{\"Sid\":\"Organizations\",\"Effect\":\"Allow\",\"Action\":[\"organizations:List*\",\"organizations:Describe*\"],\"Resource\":\"*\"},{\"Sid\":\"OrganizationsAccounts\",\"Effect\":\"Allow\",\"Action\":[\"organizations:TagResource\",\"organizations:MoveAccount\",\"organizations:CreateAccount\"],\"Resource\":\"*\"},{\"Sid\":\"MemberAccountAccess\",\"Effect\":\"Allow\",\"Action\":\"sts:AssumeRole\",\"Resource\":\"arn:aws:iam::*:role/OrganizationAccountAccessRole\"},{\"Sid\":\"IdentityCenterProvisionedRoles\",\"Effect\":\"Allow\",\"Action\":[\"iam:UpdateRoleDescription\",\"iam:UpdateRole\",\"iam:PutRolePolicy\",\"iam:ListRolePolicies\",\"iam:ListAttachedRolePolicies\",\"iam:GetRole\",\"iam:DetachRolePolicy\",\"iam:DeleteRolePolicy\",\"iam:DeleteRole\",\"iam:CreateRole\",\"iam:AttachRolePolicy\"],\"Resource\":\"arn:aws:iam::278105230435:role/aws-reserved/sso.amazonaws.com/*\"},{\"Sid\":\"IdentityCenterSAMLProvider\",\"Effect\":\"Allow\",\"Action\":\"iam:GetSAMLProvider\",\"Resource\":\"arn:aws:iam::278105230435:saml-provider/AWSSSO_*_DO_NOT_DELETE\"},{\"Sid\":\"IdentityCenterListing\",\"Effect\":\"Allow\",\"Action\":[\"iam:ListRoles\",\"iam:ListPolicies\"],\"Resource\":\"*\"},{\"Sid\":\"ManagedRoles\",\"Effect\":\"Allow\",\"Action\":\"iam:*Role*\",\"Resource\":\"arn:aws:iam::278105230435:role/managed/*\"},{\"Sid\":\"DenySelfModification\",\"Effect\":\"Deny\",\"Action\":\"iam:*\",\"Resource\":\"arn:aws:iam::278105230435:role/managed/terraform\"},{\"Sid\":\"GitHubActionsProvider\",\"Effect\":\"Allow\",\"Action\":\"iam:*OpenIDConnectProvider*\",\"Resource\":\"arn:aws:iam::278105230435:oidc-provider/token.actions.githubusercontent.com\"}]}",
            "override_json": null,
            "override_policy_documents": null,
            "policy_id": null,
            "source_json": null,
            "source_policy_documents": null,
            "statement": [
              {
                "actions": [
                  "s3:*"
                ],
                "condition": [],
                "effect": "Allow",
                "not_actions": [],
                "not_principals": [],
                "not_resources": [],
                "principals": [],
                "resources": [
                  "arn:aws:s3:::ben-drucker-documents",
                  "arn:aws:s3:::ben-drucker-documents/*",
                  "arn:aws:s3:::ben-drucker-photos",
                  "arn:aws:s3:::ben-drucker-photos/*"
                ],
                "sid": "Archives"
              },
              {
                "actions": [
                  "identitystore:*",
                  "sso-directory:*",
                  "sso:*"
                ],
                "condition": [],
                "effect": "Allow",
                "not_actions": [],
                "not_principals": [],
                "not_resources": [],
                "principals": [],
                "resources": [
                  "*"
                ],
                "sid": "IdentityCenter"
              },
              {
                "actions": [
                  "organizations:Describe*",
                  "organizations:List*"
                ],
                "condition": [],
                "effect": "Allow",
                "not_actions": [],
                "not_principals": [],
                "not_resources": [],
                "principals": [],
                "resources": [
                  "*"
                ],
                "sid": "Organizations"
              },
              {
                "actions": [
                  "organizations:CreateAccount",
                  "organizations:MoveAccount",
                  "organizations:TagResource"
                ],
                "condition": [],
                "effect": "Allow",
                "not_actions": [],
                "not_principals": [],
                "not_resources": [],
                "principals": [],
                "resources": [
                  "*"
                ],
                "sid": "OrganizationsAccounts"
              },
              {
                "actions": [
                  "sts:AssumeRole"
                ],
                "condition": [],
                "effect": "Allow",
                "not_actions": [],
                "not_principals": [],
                "not_resources": [],
                "principals": [],
                "resources": [
                  "arn:aws:iam::*:role/OrganizationAccountAccessRole"
                ],
                "sid": "MemberAccountAccess"
              },
              {
                "actions": [
                  "iam:AttachRolePolicy",
                  "iam:CreateRole",
                  "iam:DeleteRole",
                  "iam:DeleteRolePolicy",
                  "iam:DetachRolePolicy",
                  "iam:GetRole",
                  "iam:ListAttachedRolePolicies",
                  "iam:ListRolePolicies",
                  "iam:PutRolePolicy",
                  "iam:UpdateRole",
                  "iam:UpdateRoleDescription"
                ],
                "condition": [],
                "effect": "Allow",
                "not_actions": [],
                "not_principals": [],
                "not_resources": [],
                "principals": [],
                "resources": [
                  "arn:aws:iam::278105230435:role/aws-reserved/sso.amazonaws.com/*"
                ],
                "sid": "IdentityCenterProvisionedRoles"
              },
              {
                "actions": [
                  "iam:GetSAMLProvider"
                ],
                "condition": [],
                "effect": "Allow",
                "not_actions": [],
                "not_principals": [],
                "not_resources": [],
                "principals": [],
                "resources": [
                  "arn:aws:iam::278105230435:saml-provider/AWSSSO_*_DO_NOT_DELETE"
                ],
                "sid": "IdentityCenterSAMLProvider"
              },
              {
                "actions": [
                  "iam:ListPolicies",
                  "iam:ListRoles"
                ],
                "condition": [],
                "effect": "Allow",
                "not_actions": [],
                "not_principals": [],
                "not_resources": [],
                "principals": [],
                "resources": [
                  "*"
                ],
                "sid": "IdentityCenterListing"
              },
              {
                "actions": [
                  "iam:*Role*"
                ],
                "condition": [],
                "effect": "Allow",
                "not_actions": [],
                "not_principals": [],
                "not_resources": [],
                "principals": [],
                "resources": [
                  "arn:aws:iam::278105230435:role/managed/*"
                ],
                "sid": "ManagedRoles"
              },
              {
                "actions": [
                  "iam:*"
                ],
                "condition": [],
                "effect": "Deny",
                "not_actions": [],
                "not_principals": [],
                "not_resources": [],
                "principals": [],
                "resources": [
                  "arn:aws:iam::278105230435:role/managed/terraform"
                ],
                "sid": "DenySelfModification"
              },
              {
                "actions": [
                  "iam:*OpenIDConnectProvider*"
                ],
                "condition": [],
                "effect": "Allow",
                "not_actions": [],
                "not_principals": [],
                "not_resources": [],
                "principals": [],
                "resources": [
                  "arn:aws:iam::278105230435:oidc-provider/token.actions.githubusercontent.com"
                ],
                "sid": "GitHubActionsProvider"
              }
            ],
            "version": "2012-10-17"
          },
          "sensitive_attributes": [],
          "identity_schema_version": 0
        }
      ]
    },
    {
      "mode": "data",
      "type": "aws_iam_policy_document",
      "name": "terraform_trust",
      "provider": "provider[\"registry.terraform.io/hashicorp/aws\"]",
      "instances": [
        {
          "schema_version": 0,
          "attributes": {
            "id": "1472167767",
            "json": "{\n  \"Version\": \"2012-10-17\",\n  \"Statement\": [\n    {\n      \"Effect\": \"Allow\",\n      \"Action\": \"sts:AssumeRoleWithWebIdentity\",\n      \"Principal\": {\n        \"Federated\": \"arn:aws:iam::278105230435:oidc-provider/app.terraform.io\"\n      },\n      \"Condition\": {\n        \"StringEquals\": {\n          \"app.terraform.io:aud\": \"aws.workload.identity\"\n        },\n        \"StringLike\": {\n          \"app.terraform.io:sub\": \"organization:bendrucker:project:*:workspace:infrastructure:run_phase:*\"\n        }\n      }\n    }\n  ]\n}",
            "minified_json": "{\"Version\":\"2012-10-17\",\"Statement\":[{\"Effect\":\"Allow\",\"Action\":\"sts:AssumeRoleWithWebIdentity\",\"Principal\":{\"Federated\":\"arn:aws:iam::278105230435:oidc-provider/app.terraform.io\"},\"Condition\":{\"StringEquals\":{\"app.terraform.io:aud\":\"aws.workload.identity\"},\"StringLike\":{\"app.terraform.io:sub\":\"organization:bendrucker:project:*:workspace:infrastructure:run_phase:*\"}}}]}",
            "override_json": null,
            "override_policy_documents": null,
            "policy_id": null,
            "source_json": null,
            "source_policy_documents": null,
            "statement": [
              {
                "actions": [
                  "sts:AssumeRoleWithWebIdentity"
                ],
                "condition": [
                  {
                    "test": "StringEquals",
                    "values": [
                      "aws.workload.identity"
                    ],
                    "variable": "app.terraform.io:aud"
                  },
                  {
                    "test": "StringLike",
                    "values": [
                      "organization:bendrucker:project:*:workspace:infrastructure:run_phase:*"
                    ],
                    "variable": "app.terraform.io:sub"
                  }
                ],
                "effect": "Allow",
                "not_actions": [],
                "not_principals": [],
                "not_resources": [],
                "principals": [
                  {
                    "identifiers": [
                      "arn:aws:iam::278105230435:oidc-provider/app.terraform.io"
                    ],
                    "type": "Federated"
                  }
                ],
                "resources": [],
                "sid": ""
              }
            ],
            "version": "2012-10-17"
          },
          "sensitive_attributes": [],
          "identity_schema_version": 0
        }
      ]
    },
    {
      "mode": "managed",
      "type": "aws_iam_openid_connect_provider",
      "name": "terraform",
      "provider": "provider[\"registry.terraform.io/hashicorp/aws\"]",
      "instances": [
        {
          "schema_version": 0,
          "attributes": {
            "arn": "arn:aws:iam::278105230435:oidc-provider/app.terraform.io",
            "client_id_list": [
              "aws.workload.identity"
            ],
            "id": "arn:aws:iam::278105230435:oidc-provider/app.terraform.io",
            "tags": {},
            "tags_all": {},
            "thumbprint_list": [
              "06b25927c42a721631c1efd9431e648fa62e1e39"
            ],
            "url": "app.terraform.io"
          },
          "sensitive_attributes": [],
          "identity_schema_version": 0,
          "identity": {
            "arn": "arn:aws:iam::278105230435:oidc-provider/app.terraform.io"
          },
          "private": "bnVsbA=="
        }
      ]
    },
    {
      "mode": "managed",
      "type": "aws_iam_role",
      "name": "terraform",
      "provider": "provider[\"registry.terraform.io/hashicorp/aws\"]",
      "instances": [
        {
          "schema_version": 0,
          "attributes": {
            "arn": "arn:aws:iam::278105230435:role/managed/terraform",
            "assume_role_policy": "{\"Statement\":[{\"Action\":\"sts:AssumeRoleWithWebIdentity\",\"Condition\":{\"StringEquals\":{\"app.terraform.io:aud\":\"aws.workload.identity\"},\"StringLike\":{\"app.terraform.io:sub\":\"organization:bendrucker:project:*:workspace:infrastructure:run_phase:*\"}},\"Effect\":\"Allow\",\"Principal\":{\"Federated\":\"arn:aws:iam::278105230435:oidc-provider/app.terraform.io\"}}],\"Version\":\"2012-10-17\"}",
            "create_date": "2026-08-28T15:55:13Z",
            "description": "",
            "force_detach_policies": false,
            "id": "terraform",
            "inline_policy": [
              {
                "name": "terraform",
                "policy": "{\"Version\":\"2012-10-17\",\"Statement\":[{\"Action\":\"s3:*\",\"Effect\":\"Allow\",\"Resource\":[\"arn:aws:s3:::ben-drucker-photos/*\",\"arn:aws:s3:::ben-drucker-photos\",\"arn:aws:s3:::ben-drucker-documents/*\",\"arn:aws:s3:::ben-drucker-documents\"],\"Sid\":\"Archives\"},{\"Action\":[\"sso:*\",\"sso-directory:*\",\"identitystore:*\"],\"Effect\":\"Allow\",\"Resource\":\"*\",\"Sid\":\"IdentityCenter\"},{\"Action\":[\"organizations:List*\",\"organizations:Describe*\"],\"Effect\":\"Allow\",\"Resource\":\"*\",\"Sid\":\"Organizations\"},{\"Action\":[\"iam:UpdateRoleDescription\",\"iam:UpdateRole\",\"iam:PutRolePolicy\",\"iam:ListRolePolicies\",\"iam:ListAttachedRolePolicies\",\"iam:GetRole\",\"iam:DetachRolePolicy\",\"iam:DeleteRolePolicy\",\"iam:DeleteRole\",\"iam:CreateRole\",\"iam:AttachRolePolicy\"],\"Effect\":\"Allow\",\"Resource\":\"arn:aws:iam::278105230435:role/aws-reserved/sso.amazonaws.com/*\",\"Sid\":\"IdentityCenterProvisionedRoles\"},{\"Action\":\"iam:GetSAMLProvider\",\"Effect\":\"Allow\",\"Resource\":\"arn:aws:iam::278105230435:saml-provider/AWSSSO_*_DO_NOT_DELETE\",\"Sid\":\"IdentityCenterSAMLProvider\"},{\"Action\":[\"iam:ListRoles\",\"iam:ListPolicies\"],\"Effect\":\"Allow\",\"Resource\":\"*\",\"Sid\":\"IdentityCenterListing\"},{\"Action\":\"iam:*Role*\",\"Effect\":\"Allow\",\"Resource\":\"arn:aws:iam::278105230435:role/managed/*\",\"Sid\":\"ManagedRoles\"},{\"Action\":\"iam:*\",\"Effect\":\"Deny\",\"Resource\":\"arn:aws:iam::278105230435:role/managed/terraform\",\"Sid\":\"DenySelfModification\"},{\"Action\":\"iam:*OpenIDConnectProvider*\",\"Effect\":\"Allow\",\"Resource\":\"arn:aws:iam::278105230435:oidc-provider/token.actions.githubusercontent.com\",\"Sid\":\"GitHubActionsProvider\"}]}"
              }
            ],
            "managed_policy_arns": [],
            "max_session_duration": 3600,
            "name": "terraform",
            "name_prefix": "",
            "path": "/managed/",
            "permissions_boundary": "",
            "tags": {},
            "tags_all": {},
            "unique_id": "AROAUBQC5BRR3GGP34NJU"
          },
          "sensitive_attributes": [],
          "identity_schema_version": 0,
          "identity": {
            "account_id": "278105230435",
            "name": "terraform"
          },
          "private": "bnVsbA==",
          "dependencies": [
            "aws_iam_openid_connect_provider.terraform",
            "data.aws_iam_policy_document.terraform_trust",
            "tfe_workspace.this"
          ]
        }
      ]
    },
    {
      "mode": "managed",
      "type": "aws_iam_role_policy",
      "name": "terraform",
      "provider": "provider[\"registry.terraform.io/hashicorp/aws\"]",
      "instances": [
        {
          "schema_version": 0,
          "attributes": {
            "id": "terraform:terraform",
            "name": "terraform",
            "name_prefix": "",
            "policy": "{\"Version\":\"2012-10-17\",\"Statement\":[{\"Action\":\"s3:*\",\"Effect\":\"Allow\",\"Resource\":[\"arn:aws:s3:::ben-drucker-photos/*\",\"arn:aws:s3:::ben-drucker-photos\",\"arn:aws:s3:::ben-drucker-documents/*\",\"arn:aws:s3:::ben-drucker-documents\"],\"Sid\":\"Archives\"},{\"Action\":[\"sso:*\",\"sso-directory:*\",\"identitystore:*\"],\"Effect\":\"Allow\",\"Resource\":\"*\",\"Sid\":\"IdentityCenter\"},{\"Action\":[\"organizations:List*\",\"organizations:Describe*\"],\"Effect\":\"Allow\",\"Resource\":\"*\",\"Sid\":\"Organizations\"},{\"Action\":[\"organizations:TagResource\",\"organizations:MoveAccount\",\"organizations:CreateAccount\"],\"Effect\":\"Allow\",\"Resource\":\"*\",\"Sid\":\"OrganizationsAccounts\"},{\"Action\":\"sts:AssumeRole\",\"Effect\":\"Allow\",\"Resource\":\"arn:aws:iam::*:role/OrganizationAccountAccessRole\",\"Sid\":\"MemberAccountAccess\"},{\"Action\":[\"iam:UpdateRoleDescription\",\"iam:UpdateRole\",\"iam:PutRolePolicy\",\"iam:ListRolePolicies\",\"iam:ListAttachedRolePolicies\",\"iam:GetRole\",\"iam:DetachRolePolicy\",\"iam:DeleteRolePolicy\",\"iam:DeleteRole\",\"iam:CreateRole\",\"iam:AttachRolePolicy\"],\"Effect\":\"Allow\",\"Resource\":\"arn:aws:iam::278105230435:role/aws-reserved/sso.amazonaws.com/*\",\"Sid\":\"IdentityCenterProvisionedRoles\"},{\"Action\":\"iam:GetSAMLProvider\",\"Effect\":\"Allow\",\"Resource\":\"arn:aws:iam::278105230435:saml-provider/AWSSSO_*_DO_NOT_DELETE\",\"Sid\":\"IdentityCenterSAMLProvider\"},{\"Action\":[\"iam:ListRoles\",\"iam:ListPolicies\"],\"Effect\":\"Allow\",\"Resource\":\"*\",\"Sid\":\"IdentityCenterListing\"},{\"Action\":\"iam:*Role*\",\"Effect\":\"Allow\",\"Resource\":\"arn:aws:iam::278105230435:role/managed/*\",\"Sid\":\"ManagedRoles\"},{\"Action\":\"iam:*\",\"Effect\":\"Deny\",\"Resource\":\"arn:aws:iam::278105230435:role/managed/terraform\",\"Sid\":\"DenySelfModification\"},{\"Action\":\"iam:*OpenIDConnectProvider*\",\"Effect\":\"Allow\",\"Resource\":\"arn:aws:iam::278105230435:oidc-provider/token.actions.githubusercontent.com\",\"Sid\":\"GitHubActionsProvider\"}]}",
            "role": "terraform"
          },
          "sensitive_attributes": [],
          "identity_schema_version": 0,
          "identity": {
            "account_id": "278105230435",
            "name": "terraform",
            "role": "terraform"
          },
          "private": "bnVsbA==",
          "dependencies": [
            "aws_iam_openid_connect_provider.terraform",
            "aws_iam_role.terraform",
            "data.aws_iam_policy_document.terraform",
            "data.aws_iam_policy_document.terraform_trust",
            "tfe_workspace.this"
          ]
        }
      ]
    },
    {
      "mode": "managed",
      "type": "tfe_variable",
      "name": "aws_provider_auth",
      "provider": "provider[\"registry.terraform.io/hashicorp/tfe\"]",
      "instances": [
        {
          "schema_version": 1,
          "attributes": {
            "category": "env",
            "description": "Makes runs exchange their workload identity token for AWS credentials.",
            "hcl": false,
            "id": "var-dAqWkc877YocCf1h",
            "key": "TFC_AWS_PROVIDER_AUTH",
            "readable_value": "true",
            "sensitive": false,
            "value": "true",
            "value_wo": null,
            "value_wo_version": null,
            "variable_set_id": null,
            "workspace_id": "ws-CH5in3chf8RJjrVd"
          },
          "sensitive_attributes": [
            [
              {
                "type": "get_attr",
                "value": "value"
              }
            ],
            [
              {
                "type": "get_attr",
                "value": "value_wo"
              }
            ]
          ],
          "identity_schema_version": 0,
          "identity": {
            "configurable_id": "ws-CH5in3chf8RJjrVd",
            "hostname": "app.terraform.io",
            "id": "var-dAqWkc877YocCf1h"
          },
          "dependencies": [
            "tfe_workspace.this"
          ]
        }
      ]
    },
    {
      "mode": "managed",
      "type": "tfe_variable",
      "name": "aws_run_role_arn",
      "provider": "provider[\"registry.terraform.io/hashicorp/tfe\"]",
      "instances": [
        {
          "schema_version": 1,
          "attributes": {
            "category": "env",
            "description": "Role runs assume by OIDC, in place of a static access key.",
            "hcl": false,
            "id": "var-sBo6koeiuxZCoRLp",
            "key": "TFC_AWS_RUN_ROLE_ARN",
            "readable_value": "arn:aws:iam::278105230435:role/managed/terraform",
            "sensitive": false,
            "value": "arn:aws:iam::278105230435:role/managed/terraform",
            "value_wo": null,
            "value_wo_version": null,
            "variable_set_id": null,
            "workspace_id": "ws-CH5in3chf8RJjrVd"
          },
          "sensitive_attributes": [
            [
              {
                "type": "get_attr",
                "value": "value"
              }
            ],
            [
              {
                "type": "get_attr",
                "value": "value_wo"
              }
            ]
          ],
          "identity_schema_version": 0,
          "identity": {
            "configurable_id": "ws-CH5in3chf8RJjrVd",
            "hostname": "app.terraform.io",
            "id": "var-sBo6koeiuxZCoRLp"
          },
          "dependencies": [
            "aws_iam_openid_connect_provider.terraform",
            "aws_iam_role.terraform",
            "data.aws_iam_policy_document.terraform_trust",
            "tfe_workspace.this"
          ]
        }
      ]
    },
    {
      "mode": "managed",
      "type": "tfe_workspace",
      "name": "this",
      "provider": "provider[\"registry.terraform.io/hashicorp/tfe\"]",
      "instances": [
        {
          "schema_version": 1,
          "attributes": {
            "agent_pool_id": "",
            "allow_destroy_plan": true,
            "assessments_enabled": false,
            "auto_apply": true,
            "auto_apply_run_trigger": false,
            "auto_destroy_activity_duration": "",
            "auto_destroy_at": "",
            "description": "",
            "effective_tags": {},
            "execution_mode": "remote",
            "file_triggers_enabled": true,
            "force_delete": false,
            "global_remote_state": true,
            "html_url": "https://app.terraform.io/app/bendrucker/workspaces/infrastructure",
            "hyok_enabled": false,
            "id": "ws-CH5in3chf8RJjrVd",
            "ignore_additional_tag_names": null,
            "ignore_additional_tags": null,
            "inherits_project_auto_destroy": true,
            "name": "infrastructure",
            "operations": true,
            "organization": "bendrucker",
            "project_id": "prj-u2qdnVP9njeENYvZ",
            "queue_all_runs": true,
            "remote_state_consumer_ids": [],
            "resource_count": 36,
            "source_name": "",
            "source_url": "",
            "speculative_enabled": true,
            "ssh_key_id": "",
            "structured_run_output_enabled": true,
            "tag_names": [],
            "tags": {},
            "terraform_version": "latest",
            "trigger_patterns": [],
            "trigger_prefixes": [],
            "vcs_repo": [
              {
                "branch": "",
                "github_app_installation_id": "ghain-fMk4yTVFAVZbgq5H",
                "identifier": "bendrucker/infrastructure",
                "ingress_submodules": false,
                "oauth_token_id": "",
                "tags_regex": ""
              }
            ],
            "working_directory": ""
          },
          "sensitive_attributes": [],
          "identity_schema_version": 0,
          "identity": {
            "hostname": "app.terraform.io",
            "id": "ws-CH5in3chf8RJjrVd"
          },
          "private": "eyJzY2hlbWFfdmVyc2lvbiI6IjEifQ=="
        }
      ]
    }
  ],
  "check_results": null
}
